
Microsoft Visual Studio Solution File, Format Version 12.00
# Visual Studio Version 17
VisualStudioVersion = 17.14.37314.3 d17.14
MinimumVisualStudioVersion = 10.0.40219.1
Project("{8BC9CEB8-8B4A-11D0-8D11-00A0C91BC942}") = "ZadStringExample", "ZadStringExample.vcxproj", "{A448C9FF-CB17-4BE2-8E75-32F4F2D0B7D5}"
EndProject
Global
	GlobalSection(SolutionConfigurationPlatforms) = preSolution
		Debug|x64 = Debug|x64
		Debug|x86 = Debug|x86
		Release|x64 = Release|x64
		Release|x86 = Release|x86
	EndGlobalSection
	GlobalSection(ProjectConfigurationPlatforms) = postSolution
		{A448C9FF-CB17-4BE2-8E75-32F4F2D0B7D5}.Debug|x64.ActiveCfg = Debug|x64
		{A448C9FF-CB17-4BE2-8E75-32F4F2D0B7D5}.Debug|x64.Build.0 = Debug|x64
		{A448C9FF-CB17-4BE2-8E75-32F4F2D0B7D5}.Debug|x86.ActiveCfg = Debug|Win32
		{A448C9FF-CB17-4BE2-8E75-32F4F2D0B7D5}.Debug|x86.Build.0 = Debug|Win32
		{A448C9FF-CB17-4BE2-8E75-32F4F2D0B7D5}.Release|x64.ActiveCfg = Release|x64
		{A448C9FF-CB17-4BE2-8E75-32F4F2D0B7D5}.Release|x64.Build.0 = Release|x64
		{A448C9FF-CB17-4BE2-8E75-32F4F2D0B7D5}.Release|x86.ActiveCfg = Release|Win32
		{A448C9FF-CB17-4BE2-8E75-32F4F2D0B7D5}.Release|x86.Build.0 = Release|Win32
	EndGlobalSection
	GlobalSection(SolutionProperties) = preSolution
		HideSolutionNode = FALSE
	EndGlobalSection
	GlobalSection(ExtensibilityGlobals) = postSolution
		SolutionGuid = {4BFB5091-F9FA-4A1D-B738-D9BE7E51D25F}
	EndGlobalSection
EndGlobal
