
Microsoft Visual Studio Solution File, Format Version 12.00
# Visual Studio Version 17
VisualStudioVersion = 17.14.37314.3 d17.14
MinimumVisualStudioVersion = 10.0.40219.1
Project("{8BC9CEB8-8B4A-11D0-8D11-00A0C91BC942}") = "ZadArytmetykaWskaznikowTabliceA", "ZadArytmetykaWskaznikowTabliceA.vcxproj", "{99E5DA80-E96C-4EF8-A4B5-111530751BAE}"
EndProject
Global
	GlobalSection(SolutionConfigurationPlatforms) = preSolution
		Debug|x64 = Debug|x64
		Debug|x86 = Debug|x86
		Release|x64 = Release|x64
		Release|x86 = Release|x86
	EndGlobalSection
	GlobalSection(ProjectConfigurationPlatforms) = postSolution
		{99E5DA80-E96C-4EF8-A4B5-111530751BAE}.Debug|x64.ActiveCfg = Debug|x64
		{99E5DA80-E96C-4EF8-A4B5-111530751BAE}.Debug|x64.Build.0 = Debug|x64
		{99E5DA80-E96C-4EF8-A4B5-111530751BAE}.Debug|x86.ActiveCfg = Debug|Win32
		{99E5DA80-E96C-4EF8-A4B5-111530751BAE}.Debug|x86.Build.0 = Debug|Win32
		{99E5DA80-E96C-4EF8-A4B5-111530751BAE}.Release|x64.ActiveCfg = Release|x64
		{99E5DA80-E96C-4EF8-A4B5-111530751BAE}.Release|x64.Build.0 = Release|x64
		{99E5DA80-E96C-4EF8-A4B5-111530751BAE}.Release|x86.ActiveCfg = Release|Win32
		{99E5DA80-E96C-4EF8-A4B5-111530751BAE}.Release|x86.Build.0 = Release|Win32
	EndGlobalSection
	GlobalSection(SolutionProperties) = preSolution
		HideSolutionNode = FALSE
	EndGlobalSection
	GlobalSection(ExtensibilityGlobals) = postSolution
		SolutionGuid = {7F78E68A-FD4C-491B-87B7-3C4E51DB58AB}
	EndGlobalSection
EndGlobal
