
Microsoft Visual Studio Solution File, Format Version 12.00
# Visual Studio Version 17
VisualStudioVersion = 17.14.37314.3 d17.14
MinimumVisualStudioVersion = 10.0.40219.1
Project("{8BC9CEB8-8B4A-11D0-8D11-00A0C91BC942}") = "ZadPreprocesor", "ZadPreprocesor.vcxproj", "{B3E4918A-67A5-4226-AD4C-B74842427663}"
EndProject
Global
	GlobalSection(SolutionConfigurationPlatforms) = preSolution
		Debug|x64 = Debug|x64
		Debug|x86 = Debug|x86
		Release|x64 = Release|x64
		Release|x86 = Release|x86
	EndGlobalSection
	GlobalSection(ProjectConfigurationPlatforms) = postSolution
		{B3E4918A-67A5-4226-AD4C-B74842427663}.Debug|x64.ActiveCfg = Debug|x64
		{B3E4918A-67A5-4226-AD4C-B74842427663}.Debug|x64.Build.0 = Debug|x64
		{B3E4918A-67A5-4226-AD4C-B74842427663}.Debug|x86.ActiveCfg = Debug|Win32
		{B3E4918A-67A5-4226-AD4C-B74842427663}.Debug|x86.Build.0 = Debug|Win32
		{B3E4918A-67A5-4226-AD4C-B74842427663}.Release|x64.ActiveCfg = Release|x64
		{B3E4918A-67A5-4226-AD4C-B74842427663}.Release|x64.Build.0 = Release|x64
		{B3E4918A-67A5-4226-AD4C-B74842427663}.Release|x86.ActiveCfg = Release|Win32
		{B3E4918A-67A5-4226-AD4C-B74842427663}.Release|x86.Build.0 = Release|Win32
	EndGlobalSection
	GlobalSection(SolutionProperties) = preSolution
		HideSolutionNode = FALSE
	EndGlobalSection
	GlobalSection(ExtensibilityGlobals) = postSolution
		SolutionGuid = {3B77FE42-A6F3-4BB3-B880-A0BA18382064}
	EndGlobalSection
EndGlobal
