
Microsoft Visual Studio Solution File, Format Version 12.00
# Visual Studio Version 17
VisualStudioVersion = 17.14.37314.3 d17.14
MinimumVisualStudioVersion = 10.0.40219.1
Project("{8BC9CEB8-8B4A-11D0-8D11-00A0C91BC942}") = "ZadArytmetykaWskaznikowPrzesuniecie", "ZadArytmetykaWskaznikowPrzesuniecie.vcxproj", "{939329F2-D7A8-429D-A111-7C3CAC533ED8}"
EndProject
Global
	GlobalSection(SolutionConfigurationPlatforms) = preSolution
		Debug|x64 = Debug|x64
		Debug|x86 = Debug|x86
		Release|x64 = Release|x64
		Release|x86 = Release|x86
	EndGlobalSection
	GlobalSection(ProjectConfigurationPlatforms) = postSolution
		{939329F2-D7A8-429D-A111-7C3CAC533ED8}.Debug|x64.ActiveCfg = Debug|x64
		{939329F2-D7A8-429D-A111-7C3CAC533ED8}.Debug|x64.Build.0 = Debug|x64
		{939329F2-D7A8-429D-A111-7C3CAC533ED8}.Debug|x86.ActiveCfg = Debug|Win32
		{939329F2-D7A8-429D-A111-7C3CAC533ED8}.Debug|x86.Build.0 = Debug|Win32
		{939329F2-D7A8-429D-A111-7C3CAC533ED8}.Release|x64.ActiveCfg = Release|x64
		{939329F2-D7A8-429D-A111-7C3CAC533ED8}.Release|x64.Build.0 = Release|x64
		{939329F2-D7A8-429D-A111-7C3CAC533ED8}.Release|x86.ActiveCfg = Release|Win32
		{939329F2-D7A8-429D-A111-7C3CAC533ED8}.Release|x86.Build.0 = Release|Win32
	EndGlobalSection
	GlobalSection(SolutionProperties) = preSolution
		HideSolutionNode = FALSE
	EndGlobalSection
	GlobalSection(ExtensibilityGlobals) = postSolution
		SolutionGuid = {29E5FA1E-1A13-4853-8926-8FE6F401CC52}
	EndGlobalSection
EndGlobal
